// !$*UTF8*$!
{
	archiveVersion = 1;
	classes = {
	};
	objectVersion = 77;
	objects = {

/* Begin PBXContainerItemProxy section */
		7F59BE472D18AFC200FAF1FF /* PBXContainerItemProxy */ = {
			isa = PBXContainerItemProxy;
			containerPortal = 7F59BE2E2D18AFC000FAF1FF /* Project object */;
			proxyType = 1;
			remoteGlobalIDString = 7F59BE352D18AFC000FAF1FF;
			remoteInfo = "Grand Cru Vault";
		};
		7F59BE512D18AFC200FAF1FF /* PBXContainerItemProxy */ = {
			isa = PBXContainerItemProxy;
			containerPortal = 7F59BE2E2D18AFC000FAF1FF /* Project object */;
			proxyType = 1;
			remoteGlobalIDString = 7F59BE352D18AFC000FAF1FF;
			remoteInfo = "Grand Cru Vault";
		};
/* End PBXContainerItemProxy section */

/* Begin PBXFileReference section */
		7F59BE362D18AFC000FAF1FF /* Grand Cru Vault.app */ = {isa = PBXFileReference; explicitFileType = wrapper.application; includeInIndex = 0; path = "Grand Cru Vault.app"; sourceTree = BUILT_PRODUCTS_DIR; };
		7F59BE462D18AFC200FAF1FF /* Grand Cru VaultTests.xctest */ = {isa = PBXFileReference; explicitFileType = wrapper.cfbundle; includeInIndex = 0; path = "Grand Cru VaultTests.xctest"; sourceTree = BUILT_PRODUCTS_DIR; };
		7F59BE502D18AFC200FAF1FF /* Grand Cru VaultUITests.xctest */ = {isa = PBXFileReference; explicitFileType = wrapper.cfbundle; includeInIndex = 0; path = "Grand Cru VaultUITests.xctest"; sourceTree = BUILT_PRODUCTS_DIR; };
/* End PBXFileReference section */

/* Begin PBXFileSystemSynchronizedRootGroup section */
		7F59BE382D18AFC000FAF1FF /* Grand Cru Vault */ = {
			isa = PBXFileSystemSynchronizedRootGroup;
			path = "Grand Cru Vault";
			sourceTree = "<group>";
		};
		7F59BE492D18AFC200FAF1FF /* Grand Cru VaultTests */ = {
			isa = PBXFileSystemSynchronizedRootGroup;
			path = "Grand Cru VaultTests";
			sourceTree = "<group>";
		};
		7F59BE532D18AFC200FAF1FF /* Grand Cru VaultUITests */ = {
			isa = PBXFileSystemSynchronizedRootGroup;
			path = "Grand Cru VaultUITests";
			sourceTree = "<group>";
		};
/* End PBXFileSystemSynchronizedRootGroup section */

/* Begin PBXFrameworksBuildPhase section */
		7F59BE332D18AFC000FAF1FF /* Frameworks */ = {
			isa = PBXFrameworksBuildPhase;
			buildActionMask = 2147483647;
			files = (
			);
			runOnlyForDeploymentPostprocessing = 0;
		};
		7F59BE432D18AFC200FAF1FF /* Frameworks */ = {
			isa = PBXFrameworksBuildPhase;
			buildActionMask = 2147483647;
			files = (
			);
			runOnlyForDeploymentPostprocessing = 0;
		};
		7F59BE4D2D18AFC200FAF1FF /* Frameworks */ = {
			isa = PBXFrameworksBuildPhase;
			buildActionMask = 2147483647;
			files = (
			);
			runOnlyForDeploymentPostprocessing = 0;
		};
/* End PBXFrameworksBuildPhase section */

/* Begin PBXGroup section */
		7F59BE2D2D18AFC000FAF1FF = {
			isa = PBXGroup;
			children = (
				7F59BE382D18AFC000FAF1FF /* Grand Cru Vault */,
				7F59BE492D18AFC200FAF1FF /* Grand Cru VaultTests */,
				7F59BE532D18AFC200FAF1FF /* Grand Cru VaultUITests */,
				7F59BE372D18AFC000FAF1FF /* Products */,
			);
			sourceTree = "<group>";
		};
		7F59BE372D18AFC000FAF1FF /* Products */ = {
			isa = PBXGroup;
			children = (
				7F59BE362D18AFC000FAF1FF /* Grand Cru Vault.app */,
				7F59BE462D18AFC200FAF1FF /* Grand Cru VaultTests.xctest */,
				7F59BE502D18AFC200FAF1FF /* Grand Cru VaultUITests.xctest */,
			);
			name = Products;
			sourceTree = "<group>";
		};
/* End PBXGroup section */

/* Begin PBXNativeTarget section */
		7F59BE352D18AFC000FAF1FF /* Grand Cru Vault */ = {
			isa = PBXNativeTarget;
			buildConfigurationList = 7F59BE5A2D18AFC200FAF1FF /* Build configuration list for PBXNativeTarget "Grand Cru Vault" */;
			buildPhases = (
				7F59BE322D18AFC000FAF1FF /* Sources */,
				7F59BE332D18AFC000FAF1FF /* Frameworks */,
				7F59BE342D18AFC000FAF1FF /* Resources */,
			);
			buildRules = (
			);
			dependencies = (
			);
			fileSystemSynchronizedGroups = (
				7F59BE382D18AFC000FAF1FF /* Grand Cru Vault */,
			);
			name = "Grand Cru Vault";
			packageProductDependencies = (
			);
			productName = "Grand Cru Vault";
			productReference = 7F59BE362D18AFC000FAF1FF /* Grand Cru Vault.app */;
			productType = "com.apple.product-type.application";
		};
		7F59BE452D18AFC200FAF1FF /* Grand Cru VaultTests */ = {
			isa = PBXNativeTarget;
			buildConfigurationList = 7F59BE5D2D18AFC200FAF1FF /* Build configuration list for PBXNativeTarget "Grand Cru VaultTests" */;
			buildPhases = (
				7F59BE422D18AFC200FAF1FF /* Sources */,
				7F59BE432D18AFC200FAF1FF /* Frameworks */,
				7F59BE442D18AFC200FAF1FF /* Resources */,
			);
			buildRules = (
			);
			dependencies = (
				7F59BE482D18AFC200FAF1FF /* PBXTargetDependency */,
			);
			fileSystemSynchronizedGroups = (
				7F59BE492D18AFC200FAF1FF /* Grand Cru VaultTests */,
			);
			name = "Grand Cru VaultTests";
			packageProductDependencies = (
			);
			productName = "Grand Cru VaultTests";
			productReference = 7F59BE462D18AFC200FAF1FF /* Grand Cru VaultTests.xctest */;
			productType = "com.apple.product-type.bundle.unit-test";
		};
		7F59BE4F2D18AFC200FAF1FF /* Grand Cru VaultUITests */ = {
			isa = PBXNativeTarget;
			buildConfigurationList = 7F59BE602D18AFC200FAF1FF /* Build configuration list for PBXNativeTarget "Grand Cru VaultUITests" */;
			buildPhases = (
				7F59BE4C2D18AFC200FAF1FF /* Sources */,
				7F59BE4D2D18AFC200FAF1FF /* Frameworks */,
				7F59BE4E2D18AFC200FAF1FF /* Resources */,
			);
			buildRules = (
			);
			dependencies = (
				7F59BE522D18AFC200FAF1FF /* PBXTargetDependency */,
			);
			fileSystemSynchronizedGroups = (
				7F59BE532D18AFC200FAF1FF /* Grand Cru VaultUITests */,
			);
			name = "Grand Cru VaultUITests";
			packageProductDependencies = (
			);
			productName = "Grand Cru VaultUITests";
			productReference = 7F59BE502D18AFC200FAF1FF /* Grand Cru VaultUITests.xctest */;
			productType = "com.apple.product-type.bundle.ui-testing";
		};
/* End PBXNativeTarget section */

/* Begin PBXProject section */
		7F59BE2E2D18AFC000FAF1FF /* Project object */ = {
			isa = PBXProject;
			attributes = {
				BuildIndependentTargetsInParallel = 1;
				LastSwiftUpdateCheck = 1620;
				LastUpgradeCheck = 1620;
				TargetAttributes = {
					7F59BE352D18AFC000FAF1FF = {
						CreatedOnToolsVersion = 16.2;
					};
					7F59BE452D18AFC200FAF1FF = {
						CreatedOnToolsVersion = 16.2;
						TestTargetID = 7F59BE352D18AFC000FAF1FF;
					};
					7F59BE4F2D18AFC200FAF1FF = {
						CreatedOnToolsVersion = 16.2;
						TestTargetID = 7F59BE352D18AFC000FAF1FF;
					};
				};
			};
			buildConfigurationList = 7F59BE312D18AFC000FAF1FF /* Build configuration list for PBXProject "Grand Cru Vault" */;
			developmentRegion = en;
			hasScannedForEncodings = 0;
			knownRegions = (
				en,
				Base,
			);
			mainGroup = 7F59BE2D2D18AFC000FAF1FF;
			minimizedProjectReferenceProxies = 1;
			preferredProjectObjectVersion = 77;
			productRefGroup = 7F59BE372D18AFC000FAF1FF /* Products */;
			projectDirPath = "";
			projectRoot = "";
			targets = (
				7F59BE352D18AFC000FAF1FF /* Grand Cru Vault */,
				7F59BE452D18AFC200FAF1FF /* Grand Cru VaultTests */,
				7F59BE4F2D18AFC200FAF1FF /* Grand Cru VaultUITests */,
			);
		};
/* End PBXProject section */

/* Begin PBXResourcesBuildPhase section */
		7F59BE342D18AFC000FAF1FF /* Resources */ = {
			isa = PBXResourcesBuildPhase;
			buildActionMask = 2147483647;
			files = (
			);
			runOnlyForDeploymentPostprocessing = 0;
		};
		7F59BE442D18AFC200FAF1FF /* Resources */ = {
			isa = PBXResourcesBuildPhase;
			buildActionMask = 2147483647;
			files = (
			);
			runOnlyForDeploymentPostprocessing = 0;
		};
		7F59BE4E2D18AFC200FAF1FF /* Resources */ = {
			isa = PBXResourcesBuildPhase;
			buildActionMask = 2147483647;
			files = (
			);
			runOnlyForDeploymentPostprocessing = 0;
		};
/* End PBXResourcesBuildPhase section */

/* Begin PBXSourcesBuildPhase section */
		7F59BE322D18AFC000FAF1FF /* Sources */ = {
			isa = PBXSourcesBuildPhase;
			buildActionMask = 2147483647;
			files = (
			);
			runOnlyForDeploymentPostprocessing = 0;
		};
		7F59BE422D18AFC200FAF1FF /* Sources */ = {
			isa = PBXSourcesBuildPhase;
			buildActionMask = 2147483647;
			files = (
			);
			runOnlyForDeploymentPostprocessing = 0;
		};
		7F59BE4C2D18AFC200FAF1FF /* Sources */ = {
			isa = PBXSourcesBuildPhase;
			buildActionMask = 2147483647;
			files = (
			);
			runOnlyForDeploymentPostprocessing = 0;
		};
/* End PBXSourcesBuildPhase section */

/* Begin PBXTargetDependency section */
		7F59BE482D18AFC200FAF1FF /* PBXTargetDependency */ = {
			isa = PBXTargetDependency;
			target = 7F59BE352D18AFC000FAF1FF /* Grand Cru Vault */;
			targetProxy = 7F59BE472D18AFC200FAF1FF /* PBXContainerItemProxy */;
		};
		7F59BE522D18AFC200FAF1FF /* PBXTargetDependency */ = {
			isa = PBXTargetDependency;
			target = 7F59BE352D18AFC000FAF1FF /* Grand Cru Vault */;
			targetProxy = 7F59BE512D18AFC200FAF1FF /* PBXContainerItemProxy */;
		};
/* End PBXTargetDependency section */

/* Begin XCBuildConfiguration section */
		7F59BE582D18AFC200FAF1FF /* Debug */ = {
			isa = XCBuildConfiguration;
			buildSettings = {
				ALWAYS_SEARCH_USER_PATHS = NO;
				ASSETCATALOG_COMPILER_GENERATE_SWIFT_ASSET_SYMBOL_EXTENSIONS = YES;
				CLANG_ANALYZER_NONNULL = YES;
				CLANG_ANALYZER_NUMBER_OBJECT_CONVERSION = YES_AGGRESSIVE;
				CLANG_CXX_LANGUAGE_STANDARD = "gnu++20";
				CLANG_ENABLE_MODULES = YES;
				CLANG_ENABLE_OBJC_ARC = YES;
				CLANG_ENABLE_OBJC_WEAK = YES;
				CLANG_WARN_BLOCK_CAPTURE_AUTORELEASING = YES;
				CLANG_WARN_BOOL_CONVERSION = YES;
				CLANG_WARN_COMMA = YES;
				CLANG_WARN_CONSTANT_CONVERSION = YES;
				CLANG_WARN_DEPRECATED_OBJC_IMPLEMENTATIONS = YES;
				CLANG_WARN_DIRECT_OBJC_ISA_USAGE = YES_ERROR;
				CLANG_WARN_DOCUMENTATION_COMMENTS = YES;
				CLANG_WARN_EMPTY_BODY = YES;
				CLANG_WARN_ENUM_CONVERSION = YES;
				CLANG_WARN_INFINITE_RECURSION = YES;
				CLANG_WARN_INT_CONVERSION = YES;
				CLANG_WARN_NON_LITERAL_NULL_CONVERSION = YES;
				CLANG_WARN_OBJC_IMPLICIT_RETAIN_SELF = YES;
				CLANG_WARN_OBJC_LITERAL_CONVERSION = YES;
				CLANG_WARN_OBJC_ROOT_CLASS = YES_ERROR;
				CLANG_WARN_QUOTED_INCLUDE_IN_FRAMEWORK_HEADER = YES;
				CLANG_WARN_RANGE_LOOP_ANALYSIS = YES;
				CLANG_WARN_STRICT_PROTOTYPES = YES;
				CLANG_WARN_SUSPICIOUS_MOVE = YES;
				CLANG_WARN_UNGUARDED_AVAILABILITY = YES_AGGRESSIVE;
				CLANG_WARN_UNREACHABLE_CODE = YES;
				CLANG_WARN__DUPLICATE_METHOD_MATCH = YES;
				COPY_PHASE_STRIP = NO;
				DEBUG_INFORMATION_FORMAT = dwarf;
				ENABLE_STRICT_OBJC_MSGSEND = YES;
				ENABLE_TESTABILITY = YES;
				ENABLE_USER_SCRIPT_SANDBOXING = YES;
				GCC_C_LANGUAGE_STANDARD = gnu17;
				GCC_DYNAMIC_NO_PIC = NO;
				GCC_NO_COMMON_BLOCKS = YES;
				GCC_OPTIMIZATION_LEVEL = 0;
				GCC_PREPROCESSOR_DEFINITIONS = (
					"DEBUG=1",
					"$(inherited)",
				);
				GCC_WARN_64_TO_32_BIT_CONVERSION = YES;
				GCC_WARN_ABOUT_RETURN_TYPE = YES_ERROR;
				GCC_WARN_UNDECLARED_SELECTOR = YES;
				GCC_WARN_UNINITIALIZED_AUTOS = YES_AGGRESSIVE;
				GCC_WARN_UNUSED_FUNCTION = YES;
				GCC_WARN_UNUSED_VARIABLE = YES;
				IPHONEOS_DEPLOYMENT_TARGET = 18.2;
				LOCALIZATION_PREFERS_STRING_CATALOGS = YES;
				MTL_ENABLE_DEBUG_INFO = INCLUDE_SOURCE;
				MTL_FAST_MATH = YES;
				ONLY_ACTIVE_ARCH = YES;
				SDKROOT = iphoneos;
				SWIFT_ACTIVE_COMPILATION_CONDITIONS = "DEBUG $(inherited)";
				SWIFT_OPTIMIZATION_LEVEL = "-Onone";
			};
			name = Debug;
		};
		7F59BE592D18AFC200FAF1FF /* Release */ = {
			isa = XCBuildConfiguration;
			buildSettings = {
				ALWAYS_SEARCH_USER_PATHS = NO;
				ASSETCATALOG_COMPILER_GENERATE_SWIFT_ASSET_SYMBOL_EXTENSIONS = YES;
				CLANG_ANALYZER_NONNULL = YES;
				CLANG_ANALYZER_NUMBER_OBJECT_CONVERSION = YES_AGGRESSIVE;
				CLANG_CXX_LANGUAGE_STANDARD = "gnu++20";
				CLANG_ENABLE_MODULES = YES;
				CLANG_ENABLE_OBJC_ARC = YES;
				CLANG_ENABLE_OBJC_WEAK = YES;
				CLANG_WARN_BLOCK_CAPTURE_AUTORELEASING = YES;
				CLANG_WARN_BOOL_CONVERSION = YES;
				CLANG_WARN_COMMA = YES;
				CLANG_WARN_CONSTANT_CONVERSION = YES;
				CLANG_WARN_DEPRECATED_OBJC_IMPLEMENTATIONS = YES;
				CLANG_WARN_DIRECT_OBJC_ISA_USAGE = YES_ERROR;
				CLANG_WARN_DOCUMENTATION_COMMENTS = YES;
				CLANG_WARN_EMPTY_BODY = YES;
				CLANG_WARN_ENUM_CONVERSION = YES;
				CLANG_WARN_INFINITE_RECURSION = YES;
				CLANG_WARN_INT_CONVERSION = YES;
				CLANG_WARN_NON_LITERAL_NULL_CONVERSION = YES;
				CLANG_WARN_OBJC_IMPLICIT_RETAIN_SELF = YES;
				CLANG_WARN_OBJC_LITERAL_CONVERSION = YES;
				CLANG_WARN_OBJC_ROOT_CLASS = YES_ERROR;
				CLANG_WARN_QUOTED_INCLUDE_IN_FRAMEWORK_HEADER = YES;
				CLANG_WARN_RANGE_LOOP_ANALYSIS = YES;
				CLANG_WARN_STRICT_PROTOTYPES = YES;
				CLANG_WARN_SUSPICIOUS_MOVE = YES;
				CLANG_WARN_UNGUARDED_AVAILABILITY = YES_AGGRESSIVE;
				CLANG_WARN_UNREACHABLE_CODE = YES;
				CLANG_WARN__DUPLICATE_METHOD_MATCH = YES;
				COPY_PHASE_STRIP = NO;
				DEBUG_INFORMATION_FORMAT = "dwarf-with-dsym";
				ENABLE_NS_ASSERTIONS = NO;
				ENABLE_STRICT_OBJC_MSGSEND = YES;
				ENABLE_USER_SCRIPT_SANDBOXING = YES;
				GCC_C_LANGUAGE_STANDARD = gnu17;
				GCC_NO_COMMON_BLOCKS = YES;
				GCC_WARN_64_TO_32_BIT_CONVERSION = YES;
				GCC_WARN_ABOUT_RETURN_TYPE = YES_ERROR;
				GCC_WARN_UNDECLARED_SELECTOR = YES;
				GCC_WARN_UNINITIALIZED_AUTOS = YES_AGGRESSIVE;
				GCC_WARN_UNUSED_FUNCTION = YES;
				GCC_WARN_UNUSED_VARIABLE = YES;
				IPHONEOS_DEPLOYMENT_TARGET = 18.2;
				LOCALIZATION_PREFERS_STRING_CATALOGS = YES;
				MTL_ENABLE_DEBUG_INFO = NO;
				MTL_FAST_MATH = YES;
				SDKROOT = iphoneos;
				SWIFT_COMPILATION_MODE = wholemodule;
				VALIDATE_PRODUCT = YES;
			};
			name = Release;
		};
		7F59BE5B2D18AFC200FAF1FF /* Debug */ = {
			isa = XCBuildConfiguration;
			buildSettings = {
				ASSETCATALOG_COMPILER_APPICON_NAME = AppIcon;
				ASSETCATALOG_COMPILER_GLOBAL_ACCENT_COLOR_NAME = AccentColor;
				CODE_SIGN_STYLE = Automatic;
				CURRENT_PROJECT_VERSION = 1;
				DEVELOPMENT_ASSET_PATHS = "\"Grand Cru Vault/Preview Content\"";
				DEVELOPMENT_TEAM = 7R593CAG2W;
				ENABLE_PREVIEWS = YES;
				GENERATE_INFOPLIST_FILE = YES;
				INFOPLIST_KEY_UIApplicationSceneManifest_Generation = YES;
				INFOPLIST_KEY_UIApplicationSupportsIndirectInputEvents = YES;
				INFOPLIST_KEY_UILaunchScreen_Generation = YES;
				INFOPLIST_KEY_UISupportedInterfaceOrientations_iPad = "UIInterfaceOrientationPortrait UIInterfaceOrientationPortraitUpsideDown UIInterfaceOrientationLandscapeLeft UIInterfaceOrientationLandscapeRight";
				INFOPLIST_KEY_UISupportedInterfaceOrientations_iPhone = "UIInterfaceOrientationPortrait UIInterfaceOrientationLandscapeLeft UIInterfaceOrientationLandscapeRight";
				LD_RUNPATH_SEARCH_PATHS = (
					"$(inherited)",
					"@executable_path/Frameworks",
				);
				MARKETING_VERSION = 1.0;
				PRODUCT_BUNDLE_IDENTIFIER = "com.grandcruvault.Grand-Cru-Vault";
				PRODUCT_NAME = "$(TARGET_NAME)";
				SWIFT_EMIT_LOC_STRINGS = YES;
				SWIFT_VERSION = 5.0;
				TARGETED_DEVICE_FAMILY = "1,2";
			};
			name = Debug;
		};
		7F59BE5C2D18AFC200FAF1FF /* Release */ = {
			isa = XCBuildConfiguration;
			buildSettings = {
				ASSETCATALOG_COMPILER_APPICON_NAME = AppIcon;
				ASSETCATALOG_COMPILER_GLOBAL_ACCENT_COLOR_NAME = AccentColor;
				CODE_SIGN_STYLE = Automatic;
				CURRENT_PROJECT_VERSION = 1;
				DEVELOPMENT_ASSET_PATHS = "\"Grand Cru Vault/Preview Content\"";
				DEVELOPMENT_TEAM = 7R593CAG2W;
				ENABLE_PREVIEWS = YES;
				GENERATE_INFOPLIST_FILE = YES;
				INFOPLIST_KEY_UIApplicationSceneManifest_Generation = YES;
				INFOPLIST_KEY_UIApplicationSupportsIndirectInputEvents = YES;
				INFOPLIST_KEY_UILaunchScreen_Generation = YES;
				INFOPLIST_KEY_UISupportedInterfaceOrientations_iPad = "UIInterfaceOrientationPortrait UIInterfaceOrientationPortraitUpsideDown UIInterfaceOrientationLandscapeLeft UIInterfaceOrientationLandscapeRight";
				INFOPLIST_KEY_UISupportedInterfaceOrientations_iPhone = "UIInterfaceOrientationPortrait UIInterfaceOrientationLandscapeLeft UIInterfaceOrientationLandscapeRight";
				LD_RUNPATH_SEARCH_PATHS = (
					"$(inherited)",
					"@executable_path/Frameworks",
				);
				MARKETING_VERSION = 1.0;
				PRODUCT_BUNDLE_IDENTIFIER = "com.grandcruvault.Grand-Cru-Vault";
				PRODUCT_NAME = "$(TARGET_NAME)";
				SWIFT_EMIT_LOC_STRINGS = YES;
				SWIFT_VERSION = 5.0;
				TARGETED_DEVICE_FAMILY = "1,2";
			};
			name = Release;
		};
		7F59BE5E2D18AFC200FAF1FF /* Debug */ = {
			isa = XCBuildConfiguration;
			buildSettings = {
				BUNDLE_LOADER = "$(TEST_HOST)";
				CODE_SIGN_STYLE = Automatic;
				CURRENT_PROJECT_VERSION = 1;
				DEVELOPMENT_TEAM = 7R593CAG2W;
				GENERATE_INFOPLIST_FILE = YES;
				IPHONEOS_DEPLOYMENT_TARGET = 18.2;
				MARKETING_VERSION = 1.0;
				PRODUCT_BUNDLE_IDENTIFIER = "com.grandcruvault.Grand-Cru-VaultTests";
				PRODUCT_NAME = "$(TARGET_NAME)";
				SWIFT_EMIT_LOC_STRINGS = NO;
				SWIFT_VERSION = 5.0;
				TARGETED_DEVICE_FAMILY = "1,2";
				TEST_HOST = "$(BUILT_PRODUCTS_DIR)/Grand Cru Vault.app/$(BUNDLE_EXECUTABLE_FOLDER_PATH)/Grand Cru Vault";
			};
			name = Debug;
		};
		7F59BE5F2D18AFC200FAF1FF /* Release */ = {
			isa = XCBuildConfiguration;
			buildSettings = {
				BUNDLE_LOADER = "$(TEST_HOST)";
				CODE_SIGN_STYLE = Automatic;
				CURRENT_PROJECT_VERSION = 1;
				DEVELOPMENT_TEAM = 7R593CAG2W;
				GENERATE_INFOPLIST_FILE = YES;
				IPHONEOS_DEPLOYMENT_TARGET = 18.2;
				MARKETING_VERSION = 1.0;
				PRODUCT_BUNDLE_IDENTIFIER = "com.grandcruvault.Grand-Cru-VaultTests";
				PRODUCT_NAME = "$(TARGET_NAME)";
				SWIFT_EMIT_LOC_STRINGS = NO;
				SWIFT_VERSION = 5.0;
				TARGETED_DEVICE_FAMILY = "1,2";
				TEST_HOST = "$(BUILT_PRODUCTS_DIR)/Grand Cru Vault.app/$(BUNDLE_EXECUTABLE_FOLDER_PATH)/Grand Cru Vault";
			};
			name = Release;
		};
		7F59BE612D18AFC200FAF1FF /* Debug */ = {
			isa = XCBuildConfiguration;
			buildSettings = {
				CODE_SIGN_STYLE = Automatic;
				CURRENT_PROJECT_VERSION = 1;
				DEVELOPMENT_TEAM = 7R593CAG2W;
				GENERATE_INFOPLIST_FILE = YES;
				MARKETING_VERSION = 1.0;
				PRODUCT_BUNDLE_IDENTIFIER = "com.grandcruvault.Grand-Cru-VaultUITests";
				PRODUCT_NAME = "$(TARGET_NAME)";
				SWIFT_EMIT_LOC_STRINGS = NO;
				SWIFT_VERSION = 5.0;
				TARGETED_DEVICE_FAMILY = "1,2";
				TEST_TARGET_NAME = "Grand Cru Vault";
			};
			name = Debug;
		};
		7F59BE622D18AFC200FAF1FF /* Release */ = {
			isa = XCBuildConfiguration;
			buildSettings = {
				CODE_SIGN_STYLE = Automatic;
				CURRENT_PROJECT_VERSION = 1;
				DEVELOPMENT_TEAM = 7R593CAG2W;
				GENERATE_INFOPLIST_FILE = YES;
				MARKETING_VERSION = 1.0;
				PRODUCT_BUNDLE_IDENTIFIER = "com.grandcruvault.Grand-Cru-VaultUITests";
				PRODUCT_NAME = "$(TARGET_NAME)";
				SWIFT_EMIT_LOC_STRINGS = NO;
				SWIFT_VERSION = 5.0;
				TARGETED_DEVICE_FAMILY = "1,2";
				TEST_TARGET_NAME = "Grand Cru Vault";
			};
			name = Release;
		};
/* End XCBuildConfiguration section */

/* Begin XCConfigurationList section */
		7F59BE312D18AFC000FAF1FF /* Build configuration list for PBXProject "Grand Cru Vault" */ = {
			isa = XCConfigurationList;
			buildConfigurations = (
				7F59BE582D18AFC200FAF1FF /* Debug */,
				7F59BE592D18AFC200FAF1FF /* Release */,
			);
			defaultConfigurationIsVisible = 0;
			defaultConfigurationName = Release;
		};
		7F59BE5A2D18AFC200FAF1FF /* Build configuration list for PBXNativeTarget "Grand Cru Vault" */ = {
			isa = XCConfigurationList;
			buildConfigurations = (
				7F59BE5B2D18AFC200FAF1FF /* Debug */,
				7F59BE5C2D18AFC200FAF1FF /* Release */,
			);
			defaultConfigurationIsVisible = 0;
			defaultConfigurationName = Release;
		};
		7F59BE5D2D18AFC200FAF1FF /* Build configuration list for PBXNativeTarget "Grand Cru VaultTests" */ = {
			isa = XCConfigurationList;
			buildConfigurations = (
				7F59BE5E2D18AFC200FAF1FF /* Debug */,
				7F59BE5F2D18AFC200FAF1FF /* Release */,
			);
			defaultConfigurationIsVisible = 0;
			defaultConfigurationName = Release;
		};
		7F59BE602D18AFC200FAF1FF /* Build configuration list for PBXNativeTarget "Grand Cru VaultUITests" */ = {
			isa = XCConfigurationList;
			buildConfigurations = (
				7F59BE612D18AFC200FAF1FF /* Debug */,
				7F59BE622D18AFC200FAF1FF /* Release */,
			);
			defaultConfigurationIsVisible = 0;
			defaultConfigurationName = Release;
		};
/* End XCConfigurationList section */
	};
	rootObject = 7F59BE2E2D18AFC000FAF1FF /* Project object */;
}
